
Microsoft Visual Studio Solution File, Format Version 12.00
# Visual Studio Version 16
VisualStudioVersion = 16.0.29020.237
MinimumVisualStudioVersion = 10.0.40219.1
Project("{9A19103F-16F7-4668-BE54-9A1E7A4F7556}") = "Grpc.Web", "Grpc.Web\Grpc.Web.csproj", "{D051BCC0-EC05-4410-9AFE-BD49D8074881}"
EndProject
Project("{2150E333-8FDC-42A3-9474-1A3956D46DE8}") = "Solution Items", "Solution Items", "{C2E5DDA0-8972-4D65-B50C-A95CAAD25547}"
	ProjectSection(SolutionItems) = preProject
		Protos\greet.proto = Protos\greet.proto
	EndProjectSection
EndProject
Project("{FAE04EC0-301F-11D3-BF4B-00C04F79EFBC}") = "Grpc.Protos", "Grpc.Protos\Grpc.Protos.csproj", "{85FF544C-CDB3-48D9-A061-83AEEB21C7B6}"
EndProject
Project("{FAE04EC0-301F-11D3-BF4B-00C04F79EFBC}") = "Grpc.Truck", "Grpc.Truck\Grpc.Truck.csproj", "{A2DCAE8F-8E1E-44AC-95C8-B1C181171DBE}"
EndProject
Global
	GlobalSection(SolutionConfigurationPlatforms) = preSolution
		Debug|Any CPU = Debug|Any CPU
		Release|Any CPU = Release|Any CPU
	EndGlobalSection
	GlobalSection(ProjectConfigurationPlatforms) = postSolution
		{D051BCC0-EC05-4410-9AFE-BD49D8074881}.Debug|Any CPU.ActiveCfg = Debug|Any CPU
		{D051BCC0-EC05-4410-9AFE-BD49D8074881}.Debug|Any CPU.Build.0 = Debug|Any CPU
		{D051BCC0-EC05-4410-9AFE-BD49D8074881}.Release|Any CPU.ActiveCfg = Release|Any CPU
		{D051BCC0-EC05-4410-9AFE-BD49D8074881}.Release|Any CPU.Build.0 = Release|Any CPU
		{85FF544C-CDB3-48D9-A061-83AEEB21C7B6}.Debug|Any CPU.ActiveCfg = Debug|Any CPU
		{85FF544C-CDB3-48D9-A061-83AEEB21C7B6}.Debug|Any CPU.Build.0 = Debug|Any CPU
		{85FF544C-CDB3-48D9-A061-83AEEB21C7B6}.Release|Any CPU.ActiveCfg = Release|Any CPU
		{85FF544C-CDB3-48D9-A061-83AEEB21C7B6}.Release|Any CPU.Build.0 = Release|Any CPU
		{A2DCAE8F-8E1E-44AC-95C8-B1C181171DBE}.Debug|Any CPU.ActiveCfg = Debug|Any CPU
		{A2DCAE8F-8E1E-44AC-95C8-B1C181171DBE}.Debug|Any CPU.Build.0 = Debug|Any CPU
		{A2DCAE8F-8E1E-44AC-95C8-B1C181171DBE}.Release|Any CPU.ActiveCfg = Release|Any CPU
		{A2DCAE8F-8E1E-44AC-95C8-B1C181171DBE}.Release|Any CPU.Build.0 = Release|Any CPU
	EndGlobalSection
	GlobalSection(SolutionProperties) = preSolution
		HideSolutionNode = FALSE
	EndGlobalSection
	GlobalSection(ExtensibilityGlobals) = postSolution
		SolutionGuid = {C0B65B0C-B6A5-48A3-A523-89512EA13F7A}
	EndGlobalSection
EndGlobal
